
Microsoft Visual Studio Solution File, Format Version 12.00
# Visual Studio Version 16
VisualStudioVersion = 16.0.30907.101
MinimumVisualStudioVersion = 10.0.40219.1
Project("{FAE04EC0-301F-11D3-BF4B-00C04F79EFBC}") = "HelloWord", "HelloWord\HelloWord.csproj", "{9B59F1D8-2781-49AC-99FA-A1140B659E0C}"
EndProject
Global
	GlobalSection(SolutionConfigurationPlatforms) = preSolution
		Debug|Any CPU = Debug|Any CPU
		Release|Any CPU = Release|Any CPU
	EndGlobalSection
	GlobalSection(ProjectConfigurationPlatforms) = postSolution
		{9B59F1D8-2781-49AC-99FA-A1140B659E0C}.Debug|Any CPU.ActiveCfg = Debug|Any CPU
		{9B59F1D8-2781-49AC-99FA-A1140B659E0C}.Debug|Any CPU.Build.0 = Debug|Any CPU
		{9B59F1D8-2781-49AC-99FA-A1140B659E0C}.Release|Any CPU.ActiveCfg = Release|Any CPU
		{9B59F1D8-2781-49AC-99FA-A1140B659E0C}.Release|Any CPU.Build.0 = Release|Any CPU
	EndGlobalSection
	GlobalSection(SolutionProperties) = preSolution
		HideSolutionNode = FALSE
	EndGlobalSection
	GlobalSection(ExtensibilityGlobals) = postSolution
		SolutionGuid = {0FF210FA-BC52-4B89-99D2-B29D3A773F0C}
	EndGlobalSection
EndGlobal
